{
  "version": 4,
  "terraform_version": "0.12.24",
  "serial": 11,
  "lineage": "c619cbcc-391e-2f6e-3333-563de26bdac8",
  "outputs": {},
  "resources": [
    {
      "mode": "managed",
      "type": "google_compute_firewall",
      "name": "managementnet-allow-http-ssh-rdp-icmp",
      "provider": "provider.google",
      "instances": [
        {
          "schema_version": 1,
          "attributes": {
            "allow": [
              {
                "ports": [
                  "22",
                  "80",
                  "3389"
                ],
                "protocol": "tcp"
              },
              {
                "ports": [],
                "protocol": "icmp"
              }
            ],
            "creation_timestamp": "2021-03-07T08:47:09.567-08:00",
            "deny": [],
            "description": "",
            "destination_ranges": [],
            "direction": "INGRESS",
            "disabled": false,
            "enable_logging": null,
            "id": "projects/qwiklabs-gcp-01-2f820d6d4eeb/global/firewalls/managementnet-allow-http-ssh-rdp-icmp",
            "log_config": [],
            "name": "managementnet-allow-http-ssh-rdp-icmp",
            "network": "https://www.googleapis.com/compute/v1/projects/qwiklabs-gcp-01-2f820d6d4eeb/global/networks/managementnet",
            "priority": 1000,
            "project": "qwiklabs-gcp-01-2f820d6d4eeb",
            "self_link": "https://www.googleapis.com/compute/v1/projects/qwiklabs-gcp-01-2f820d6d4eeb/global/firewalls/managementnet-allow-http-ssh-rdp-icmp",
            "source_ranges": [
              "0.0.0.0/0"
            ],
            "source_service_accounts": [],
            "source_tags": [],
            "target_service_accounts": [],
            "target_tags": [],
            "timeouts": null
          },
          "private": "eyJlMmJmYjczMC1lY2FhLTExZTYtOGY4OC0zNDM2M2JjN2M0YzAiOnsiY3JlYXRlIjoyNDAwMDAwMDAwMDAsImRlbGV0ZSI6MjQwMDAwMDAwMDAwLCJ1cGRhdGUiOjI0MDAwMDAwMDAwMH0sInNjaGVtYV92ZXJzaW9uIjoiMSJ9",
          "dependencies": [
            "google_compute_network.managementnet"
          ]
        }
      ]
    },
    {
      "mode": "managed",
      "type": "google_compute_firewall",
      "name": "privatenet-allow-http-ssh-rdp-icmp",
      "provider": "provider.google",
      "instances": [
        {
          "schema_version": 1,
          "attributes": {
            "allow": [
              {
                "ports": [
                  "22",
                  "80",
                  "3389"
                ],
                "protocol": "tcp"
              },
              {
                "ports": [],
                "protocol": "icmp"
              }
            ],
            "creation_timestamp": "2021-03-07T08:54:23.478-08:00",
            "deny": [],
            "description": "",
            "destination_ranges": [],
            "direction": "INGRESS",
            "disabled": false,
            "enable_logging": null,
            "id": "projects/qwiklabs-gcp-01-2f820d6d4eeb/global/firewalls/privatenet-allow-http-ssh-rdp-icmp",
            "log_config": [],
            "name": "privatenet-allow-http-ssh-rdp-icmp",
            "network": "https://www.googleapis.com/compute/v1/projects/qwiklabs-gcp-01-2f820d6d4eeb/global/networks/privatenet",
            "priority": 1000,
            "project": "qwiklabs-gcp-01-2f820d6d4eeb",
            "self_link": "https://www.googleapis.com/compute/v1/projects/qwiklabs-gcp-01-2f820d6d4eeb/global/firewalls/privatenet-allow-http-ssh-rdp-icmp",
            "source_ranges": [
              "0.0.0.0/0"
            ],
            "source_service_accounts": null,
            "source_tags": null,
            "target_service_accounts": null,
            "target_tags": null,
            "timeouts": null
          },
          "private": "eyJlMmJmYjczMC1lY2FhLTExZTYtOGY4OC0zNDM2M2JjN2M0YzAiOnsiY3JlYXRlIjoyNDAwMDAwMDAwMDAsImRlbGV0ZSI6MjQwMDAwMDAwMDAwLCJ1cGRhdGUiOjI0MDAwMDAwMDAwMH0sInNjaGVtYV92ZXJzaW9uIjoiMSJ9",
          "dependencies": [
            "google_compute_network.privatenet"
          ]
        }
      ]
    },
    {
      "module": "module.managementnet-us-vm",
      "mode": "managed",
      "type": "google_compute_instance",
      "name": "vm_instance",
      "provider": "provider.google",
      "instances": [
        {
          "schema_version": 6,
          "attributes": {
            "allow_stopping_for_update": null,
            "attached_disk": [],
            "boot_disk": [
              {
                "auto_delete": true,
                "device_name": "persistent-disk-0",
                "disk_encryption_key_raw": "",
                "disk_encryption_key_sha256": "",
                "initialize_params": [
                  {
                    "image": "https://www.googleapis.com/compute/v1/projects/debian-cloud/global/images/debian-9-stretch-v20210217",
                    "labels": {},
                    "size": 10,
                    "type": "pd-standard"
                  }
                ],
                "kms_key_self_link": "",
                "mode": "READ_WRITE",
                "source": "https://www.googleapis.com/compute/v1/projects/qwiklabs-gcp-01-2f820d6d4eeb/zones/us-central1-a/disks/managementnet-us-vm"
              }
            ],
            "can_ip_forward": false,
            "confidential_instance_config": [],
            "cpu_platform": "Intel Haswell",
            "current_status": "RUNNING",
            "deletion_protection": false,
            "description": "",
            "desired_status": null,
            "enable_display": false,
            "guest_accelerator": [],
            "hostname": "",
            "id": "projects/qwiklabs-gcp-01-2f820d6d4eeb/zones/us-central1-a/instances/managementnet-us-vm",
            "instance_id": "3847767414488481099",
            "label_fingerprint": "42WmSpB8rSM=",
            "labels": {},
            "machine_type": "n1-standard-1",
            "metadata": {},
            "metadata_fingerprint": "tL2W1vNlmfg=",
            "metadata_startup_script": "",
            "min_cpu_platform": "",
            "name": "managementnet-us-vm",
            "network_interface": [
              {
                "access_config": [
                  {
                    "nat_ip": "146.148.107.126",
                    "network_tier": "PREMIUM",
                    "public_ptr_domain_name": ""
                  }
                ],
                "alias_ip_range": [],
                "name": "nic0",
                "network": "https://www.googleapis.com/compute/v1/projects/qwiklabs-gcp-01-2f820d6d4eeb/global/networks/managementnet",
                "network_ip": "10.130.0.2",
                "subnetwork": "https://www.googleapis.com/compute/v1/projects/qwiklabs-gcp-01-2f820d6d4eeb/regions/us-central1/subnetworks/managementsubnet-us",
                "subnetwork_project": "qwiklabs-gcp-01-2f820d6d4eeb"
              }
            ],
            "project": "qwiklabs-gcp-01-2f820d6d4eeb",
            "resource_policies": [],
            "scheduling": [
              {
                "automatic_restart": true,
                "node_affinities": [],
                "on_host_maintenance": "MIGRATE",
                "preemptible": false
              }
            ],
            "scratch_disk": [],
            "self_link": "https://www.googleapis.com/compute/v1/projects/qwiklabs-gcp-01-2f820d6d4eeb/zones/us-central1-a/instances/managementnet-us-vm",
            "service_account": [],
            "shielded_instance_config": [],
            "tags": [],
            "tags_fingerprint": "42WmSpB8rSM=",
            "timeouts": null,
            "zone": "us-central1-a"
          },
          "private": "eyJlMmJmYjczMC1lY2FhLTExZTYtOGY4OC0zNDM2M2JjN2M0YzAiOnsiY3JlYXRlIjoxMjAwMDAwMDAwMDAwLCJkZWxldGUiOjEyMDAwMDAwMDAwMDAsInVwZGF0ZSI6MTIwMDAwMDAwMDAwMH0sInNjaGVtYV92ZXJzaW9uIjoiNiJ9",
          "dependencies": [
            "google_compute_network.managementnet",
            "google_compute_subnetwork.managementsubnet-us"
          ]
        }
      ]
    },
    {
      "module": "module.privatenet-us-vm",
      "mode": "managed",
      "type": "google_compute_instance",
      "name": "vm_instance",
      "provider": "provider.google",
      "instances": [
        {
          "schema_version": 6,
          "attributes": {
            "allow_stopping_for_update": null,
            "attached_disk": [],
            "boot_disk": [
              {
                "auto_delete": true,
                "device_name": "persistent-disk-0",
                "disk_encryption_key_raw": "",
                "disk_encryption_key_sha256": "",
                "initialize_params": [
                  {
                    "image": "https://www.googleapis.com/compute/v1/projects/debian-cloud/global/images/debian-9-stretch-v20210217",
                    "labels": {},
                    "size": 10,
                    "type": "pd-standard"
                  }
                ],
                "kms_key_self_link": "",
                "mode": "READ_WRITE",
                "source": "https://www.googleapis.com/compute/v1/projects/qwiklabs-gcp-01-2f820d6d4eeb/zones/us-central1-a/disks/privatenet-us-vm"
              }
            ],
            "can_ip_forward": false,
            "confidential_instance_config": [],
            "cpu_platform": "Intel Haswell",
            "current_status": "RUNNING",
            "deletion_protection": false,
            "description": "",
            "desired_status": null,
            "enable_display": false,
            "guest_accelerator": [],
            "hostname": "",
            "id": "projects/qwiklabs-gcp-01-2f820d6d4eeb/zones/us-central1-a/instances/privatenet-us-vm",
            "instance_id": "1008204547571104697",
            "label_fingerprint": "42WmSpB8rSM=",
            "labels": null,
            "machine_type": "n1-standard-1",
            "metadata": null,
            "metadata_fingerprint": "tL2W1vNlmfg=",
            "metadata_startup_script": "",
            "min_cpu_platform": "",
            "name": "privatenet-us-vm",
            "network_interface": [
              {
                "access_config": [
                  {
                    "nat_ip": "34.71.89.247",
                    "network_tier": "PREMIUM",
                    "public_ptr_domain_name": ""
                  }
                ],
                "alias_ip_range": [],
                "name": "nic0",
                "network": "https://www.googleapis.com/compute/v1/projects/qwiklabs-gcp-01-2f820d6d4eeb/global/networks/privatenet",
                "network_ip": "172.16.0.2",
                "subnetwork": "https://www.googleapis.com/compute/v1/projects/qwiklabs-gcp-01-2f820d6d4eeb/regions/us-central1/subnetworks/privatesubnet-us",
                "subnetwork_project": "qwiklabs-gcp-01-2f820d6d4eeb"
              }
            ],
            "project": "qwiklabs-gcp-01-2f820d6d4eeb",
            "resource_policies": null,
            "scheduling": [
              {
                "automatic_restart": true,
                "node_affinities": [],
                "on_host_maintenance": "MIGRATE",
                "preemptible": false
              }
            ],
            "scratch_disk": [],
            "self_link": "https://www.googleapis.com/compute/v1/projects/qwiklabs-gcp-01-2f820d6d4eeb/zones/us-central1-a/instances/privatenet-us-vm",
            "service_account": [],
            "shielded_instance_config": [],
            "tags": null,
            "tags_fingerprint": "42WmSpB8rSM=",
            "timeouts": null,
            "zone": "us-central1-a"
          },
          "private": "eyJlMmJmYjczMC1lY2FhLTExZTYtOGY4OC0zNDM2M2JjN2M0YzAiOnsiY3JlYXRlIjoxMjAwMDAwMDAwMDAwLCJkZWxldGUiOjEyMDAwMDAwMDAwMDAsInVwZGF0ZSI6MTIwMDAwMDAwMDAwMH0sInNjaGVtYV92ZXJzaW9uIjoiNiJ9",
          "dependencies": [
            "google_compute_network.privatenet",
            "google_compute_subnetwork.privatesubnet-us"
          ]
        }
      ]
    },
    {
      "mode": "managed",
      "type": "google_compute_network",
      "name": "managementnet",
      "provider": "provider.google",
      "instances": [
        {
          "schema_version": 0,
          "attributes": {
            "auto_create_subnetworks": false,
            "delete_default_routes_on_create": false,
            "description": "",
            "gateway_ipv4": "",
            "id": "projects/qwiklabs-gcp-01-2f820d6d4eeb/global/networks/managementnet",
            "mtu": 0,
            "name": "managementnet",
            "project": "qwiklabs-gcp-01-2f820d6d4eeb",
            "routing_mode": "REGIONAL",
            "self_link": "https://www.googleapis.com/compute/v1/projects/qwiklabs-gcp-01-2f820d6d4eeb/global/networks/managementnet",
            "timeouts": null
          },
          "private": "eyJlMmJmYjczMC1lY2FhLTExZTYtOGY4OC0zNDM2M2JjN2M0YzAiOnsiY3JlYXRlIjoyNDAwMDAwMDAwMDAsImRlbGV0ZSI6MjQwMDAwMDAwMDAwLCJ1cGRhdGUiOjI0MDAwMDAwMDAwMH19"
        }
      ]
    },
    {
      "mode": "managed",
      "type": "google_compute_network",
      "name": "privatenet",
      "provider": "provider.google",
      "instances": [
        {
          "schema_version": 0,
          "attributes": {
            "auto_create_subnetworks": false,
            "delete_default_routes_on_create": false,
            "description": "",
            "gateway_ipv4": "",
            "id": "projects/qwiklabs-gcp-01-2f820d6d4eeb/global/networks/privatenet",
            "mtu": 0,
            "name": "privatenet",
            "project": "qwiklabs-gcp-01-2f820d6d4eeb",
            "routing_mode": "REGIONAL",
            "self_link": "https://www.googleapis.com/compute/v1/projects/qwiklabs-gcp-01-2f820d6d4eeb/global/networks/privatenet",
            "timeouts": null
          },
          "private": "eyJlMmJmYjczMC1lY2FhLTExZTYtOGY4OC0zNDM2M2JjN2M0YzAiOnsiY3JlYXRlIjoyNDAwMDAwMDAwMDAsImRlbGV0ZSI6MjQwMDAwMDAwMDAwLCJ1cGRhdGUiOjI0MDAwMDAwMDAwMH19"
        }
      ]
    },
    {
      "mode": "managed",
      "type": "google_compute_subnetwork",
      "name": "managementsubnet-us",
      "provider": "provider.google",
      "instances": [
        {
          "schema_version": 0,
          "attributes": {
            "creation_timestamp": "2021-03-07T08:47:10.319-08:00",
            "description": "",
            "fingerprint": null,
            "gateway_address": "10.130.0.1",
            "id": "projects/qwiklabs-gcp-01-2f820d6d4eeb/regions/us-central1/subnetworks/managementsubnet-us",
            "ip_cidr_range": "10.130.0.0/20",
            "log_config": [],
            "name": "managementsubnet-us",
            "network": "https://www.googleapis.com/compute/v1/projects/qwiklabs-gcp-01-2f820d6d4eeb/global/networks/managementnet",
            "private_ip_google_access": false,
            "private_ipv6_google_access": "DISABLE_GOOGLE_ACCESS",
            "project": "qwiklabs-gcp-01-2f820d6d4eeb",
            "region": "us-central1",
            "secondary_ip_range": [],
            "self_link": "https://www.googleapis.com/compute/v1/projects/qwiklabs-gcp-01-2f820d6d4eeb/regions/us-central1/subnetworks/managementsubnet-us",
            "timeouts": null
          },
          "private": "eyJlMmJmYjczMC1lY2FhLTExZTYtOGY4OC0zNDM2M2JjN2M0YzAiOnsiY3JlYXRlIjozNjAwMDAwMDAwMDAsImRlbGV0ZSI6MzYwMDAwMDAwMDAwLCJ1cGRhdGUiOjM2MDAwMDAwMDAwMH19",
          "dependencies": [
            "google_compute_network.managementnet"
          ]
        }
      ]
    },
    {
      "mode": "managed",
      "type": "google_compute_subnetwork",
      "name": "privatesubnet-eu",
      "provider": "provider.google",
      "instances": [
        {
          "schema_version": 0,
          "attributes": {
            "creation_timestamp": "2021-03-07T08:54:24.098-08:00",
            "description": "",
            "fingerprint": null,
            "gateway_address": "172.20.0.1",
            "id": "projects/qwiklabs-gcp-01-2f820d6d4eeb/regions/europe-west1/subnetworks/privatesubnet-eu",
            "ip_cidr_range": "172.20.0.0/24",
            "log_config": [],
            "name": "privatesubnet-eu",
            "network": "https://www.googleapis.com/compute/v1/projects/qwiklabs-gcp-01-2f820d6d4eeb/global/networks/privatenet",
            "private_ip_google_access": false,
            "private_ipv6_google_access": "DISABLE_GOOGLE_ACCESS",
            "project": "qwiklabs-gcp-01-2f820d6d4eeb",
            "region": "europe-west1",
            "secondary_ip_range": [],
            "self_link": "https://www.googleapis.com/compute/v1/projects/qwiklabs-gcp-01-2f820d6d4eeb/regions/europe-west1/subnetworks/privatesubnet-eu",
            "timeouts": null
          },
          "private": "eyJlMmJmYjczMC1lY2FhLTExZTYtOGY4OC0zNDM2M2JjN2M0YzAiOnsiY3JlYXRlIjozNjAwMDAwMDAwMDAsImRlbGV0ZSI6MzYwMDAwMDAwMDAwLCJ1cGRhdGUiOjM2MDAwMDAwMDAwMH19",
          "dependencies": [
            "google_compute_network.privatenet"
          ]
        }
      ]
    },
    {
      "mode": "managed",
      "type": "google_compute_subnetwork",
      "name": "privatesubnet-us",
      "provider": "provider.google",
      "instances": [
        {
          "schema_version": 0,
          "attributes": {
            "creation_timestamp": "2021-03-07T08:54:23.777-08:00",
            "description": "",
            "fingerprint": null,
            "gateway_address": "172.16.0.1",
            "id": "projects/qwiklabs-gcp-01-2f820d6d4eeb/regions/us-central1/subnetworks/privatesubnet-us",
            "ip_cidr_range": "172.16.0.0/24",
            "log_config": [],
            "name": "privatesubnet-us",
            "network": "https://www.googleapis.com/compute/v1/projects/qwiklabs-gcp-01-2f820d6d4eeb/global/networks/privatenet",
            "private_ip_google_access": false,
            "private_ipv6_google_access": "DISABLE_GOOGLE_ACCESS",
            "project": "qwiklabs-gcp-01-2f820d6d4eeb",
            "region": "us-central1",
            "secondary_ip_range": [],
            "self_link": "https://www.googleapis.com/compute/v1/projects/qwiklabs-gcp-01-2f820d6d4eeb/regions/us-central1/subnetworks/privatesubnet-us",
            "timeouts": null
          },
          "private": "eyJlMmJmYjczMC1lY2FhLTExZTYtOGY4OC0zNDM2M2JjN2M0YzAiOnsiY3JlYXRlIjozNjAwMDAwMDAwMDAsImRlbGV0ZSI6MzYwMDAwMDAwMDAwLCJ1cGRhdGUiOjM2MDAwMDAwMDAwMH19",
          "dependencies": [
            "google_compute_network.privatenet"
          ]
        }
      ]
    }
  ]
}
